
Microsoft Visual Studio Solution File, Format Version 12.00
# Visual Studio Version 16
VisualStudioVersion = 16.0.30413.136
MinimumVisualStudioVersion = 10.0.40219.1
Project("{9A19103F-16F7-4668-BE54-9A1E7A4F7556}") = "Flowmaker.Domains", "Flowmaker.Domains\Flowmaker.Domains.csproj", "{E9F346BF-9B41-4C91-A737-5D14E91D94CE}"
EndProject
Project("{2150E333-8FDC-42A3-9474-1A3956D46DE8}") = "Shared", "Shared", "{7219AAE9-3C8E-4BC0-A252-8EFD8C33138B}"
EndProject
Project("{2150E333-8FDC-42A3-9474-1A3956D46DE8}") = "Web", "Web", "{5CD9D97A-EE76-4A20-BB2B-79710D1BB6F2}"
EndProject
Project("{9A19103F-16F7-4668-BE54-9A1E7A4F7556}") = "Flowmaker.Web", "Flowmaker.Web\Flowmaker.Web.csproj", "{0AF40413-3AB2-4C98-9DCD-A54F38129F65}"
EndProject
Project("{FAE04EC0-301F-11D3-BF4B-00C04F79EFBC}") = "Flowmaker.Data", "Flowmaker.Data\Flowmaker.Data.csproj", "{9C74059C-624E-4F23-AE35-7D1FD5F22C58}"
EndProject
Global
	GlobalSection(SolutionConfigurationPlatforms) = preSolution
		Debug|Any CPU = Debug|Any CPU
		Debug|iPhone = Debug|iPhone
		Debug|iPhoneSimulator = Debug|iPhoneSimulator
		Release|Any CPU = Release|Any CPU
		Release|iPhone = Release|iPhone
		Release|iPhoneSimulator = Release|iPhoneSimulator
	EndGlobalSection
	GlobalSection(ProjectConfigurationPlatforms) = postSolution
		{E9F346BF-9B41-4C91-A737-5D14E91D94CE}.Debug|Any CPU.ActiveCfg = Debug|Any CPU
		{E9F346BF-9B41-4C91-A737-5D14E91D94CE}.Debug|Any CPU.Build.0 = Debug|Any CPU
		{E9F346BF-9B41-4C91-A737-5D14E91D94CE}.Debug|iPhone.ActiveCfg = Debug|Any CPU
		{E9F346BF-9B41-4C91-A737-5D14E91D94CE}.Debug|iPhone.Build.0 = Debug|Any CPU
		{E9F346BF-9B41-4C91-A737-5D14E91D94CE}.Debug|iPhoneSimulator.ActiveCfg = Debug|Any CPU
		{E9F346BF-9B41-4C91-A737-5D14E91D94CE}.Debug|iPhoneSimulator.Build.0 = Debug|Any CPU
		{E9F346BF-9B41-4C91-A737-5D14E91D94CE}.Release|Any CPU.ActiveCfg = Release|Any CPU
		{E9F346BF-9B41-4C91-A737-5D14E91D94CE}.Release|Any CPU.Build.0 = Release|Any CPU
		{E9F346BF-9B41-4C91-A737-5D14E91D94CE}.Release|iPhone.ActiveCfg = Release|Any CPU
		{E9F346BF-9B41-4C91-A737-5D14E91D94CE}.Release|iPhone.Build.0 = Release|Any CPU
		{E9F346BF-9B41-4C91-A737-5D14E91D94CE}.Release|iPhoneSimulator.ActiveCfg = Release|Any CPU
		{E9F346BF-9B41-4C91-A737-5D14E91D94CE}.Release|iPhoneSimulator.Build.0 = Release|Any CPU
		{0AF40413-3AB2-4C98-9DCD-A54F38129F65}.Debug|Any CPU.ActiveCfg = Debug|Any CPU
		{0AF40413-3AB2-4C98-9DCD-A54F38129F65}.Debug|Any CPU.Build.0 = Debug|Any CPU
		{0AF40413-3AB2-4C98-9DCD-A54F38129F65}.Debug|iPhone.ActiveCfg = Debug|Any CPU
		{0AF40413-3AB2-4C98-9DCD-A54F38129F65}.Debug|iPhone.Build.0 = Debug|Any CPU
		{0AF40413-3AB2-4C98-9DCD-A54F38129F65}.Debug|iPhoneSimulator.ActiveCfg = Debug|Any CPU
		{0AF40413-3AB2-4C98-9DCD-A54F38129F65}.Debug|iPhoneSimulator.Build.0 = Debug|Any CPU
		{0AF40413-3AB2-4C98-9DCD-A54F38129F65}.Release|Any CPU.ActiveCfg = Release|Any CPU
		{0AF40413-3AB2-4C98-9DCD-A54F38129F65}.Release|Any CPU.Build.0 = Release|Any CPU
		{0AF40413-3AB2-4C98-9DCD-A54F38129F65}.Release|iPhone.ActiveCfg = Release|Any CPU
		{0AF40413-3AB2-4C98-9DCD-A54F38129F65}.Release|iPhone.Build.0 = Release|Any CPU
		{0AF40413-3AB2-4C98-9DCD-A54F38129F65}.Release|iPhoneSimulator.ActiveCfg = Release|Any CPU
		{0AF40413-3AB2-4C98-9DCD-A54F38129F65}.Release|iPhoneSimulator.Build.0 = Release|Any CPU
		{9C74059C-624E-4F23-AE35-7D1FD5F22C58}.Debug|Any CPU.ActiveCfg = Debug|Any CPU
		{9C74059C-624E-4F23-AE35-7D1FD5F22C58}.Debug|Any CPU.Build.0 = Debug|Any CPU
		{9C74059C-624E-4F23-AE35-7D1FD5F22C58}.Debug|iPhone.ActiveCfg = Debug|Any CPU
		{9C74059C-624E-4F23-AE35-7D1FD5F22C58}.Debug|iPhone.Build.0 = Debug|Any CPU
		{9C74059C-624E-4F23-AE35-7D1FD5F22C58}.Debug|iPhoneSimulator.ActiveCfg = Debug|Any CPU
		{9C74059C-624E-4F23-AE35-7D1FD5F22C58}.Debug|iPhoneSimulator.Build.0 = Debug|Any CPU
		{9C74059C-624E-4F23-AE35-7D1FD5F22C58}.Release|Any CPU.ActiveCfg = Release|Any CPU
		{9C74059C-624E-4F23-AE35-7D1FD5F22C58}.Release|Any CPU.Build.0 = Release|Any CPU
		{9C74059C-624E-4F23-AE35-7D1FD5F22C58}.Release|iPhone.ActiveCfg = Release|Any CPU
		{9C74059C-624E-4F23-AE35-7D1FD5F22C58}.Release|iPhone.Build.0 = Release|Any CPU
		{9C74059C-624E-4F23-AE35-7D1FD5F22C58}.Release|iPhoneSimulator.ActiveCfg = Release|Any CPU
		{9C74059C-624E-4F23-AE35-7D1FD5F22C58}.Release|iPhoneSimulator.Build.0 = Release|Any CPU
	EndGlobalSection
	GlobalSection(SolutionProperties) = preSolution
		HideSolutionNode = FALSE
	EndGlobalSection
	GlobalSection(NestedProjects) = preSolution
		{E9F346BF-9B41-4C91-A737-5D14E91D94CE} = {7219AAE9-3C8E-4BC0-A252-8EFD8C33138B}
		{0AF40413-3AB2-4C98-9DCD-A54F38129F65} = {5CD9D97A-EE76-4A20-BB2B-79710D1BB6F2}
		{9C74059C-624E-4F23-AE35-7D1FD5F22C58} = {7219AAE9-3C8E-4BC0-A252-8EFD8C33138B}
	EndGlobalSection
	GlobalSection(ExtensibilityGlobals) = postSolution
		SolutionGuid = {D08E8FB2-F2EE-422C-A6AC-BE3BF0D7CC90}
	EndGlobalSection
EndGlobal
